
Microsoft Visual Studio Solution File, Format Version 12.00
# Visual Studio 15
VisualStudioVersion = 15.0.28307.329
MinimumVisualStudioVersion = 10.0.40219.1
Project("{FAE04EC0-301F-11D3-BF4B-00C04F79EFBC}") = "UberCalendarUI", "UberCalendarUI\UberCalendarUI.csproj", "{D9B9B8BF-68FD-4A50-97E0-82553EEED18E}"
EndProject
Project("{FAE04EC0-301F-11D3-BF4B-00C04F79EFBC}") = "Model", "Model\Model.csproj", "{66340721-7D9D-46D5-A310-6403C1113348}"
EndProject
Project("{FAE04EC0-301F-11D3-BF4B-00C04F79EFBC}") = "UberCalendarWebService", "UberCalendarWebService\UberCalendarWebService.csproj", "{339201D2-5E01-44C6-92F6-7C4C45EBC7E7}"
EndProject
Project("{FAE04EC0-301F-11D3-BF4B-00C04F79EFBC}") = "SQLDataHandler", "SQLDataHandler\SQLDataHandler.csproj", "{B28F768E-A21E-427D-9269-A5EFA0F021FA}"
EndProject
Project("{FAE04EC0-301F-11D3-BF4B-00C04F79EFBC}") = "PasswordEncrypter", "PasswordEncrypter\PasswordEncrypter.csproj", "{95758B55-3B32-4A6C-B7B7-76C2E54C3935}"
EndProject
Project("{FAE04EC0-301F-11D3-BF4B-00C04F79EFBC}") = "PasswordDecrypter", "PasswordDecrypter\PasswordDecrypter.csproj", "{DE517344-F71E-4ED4-BBD4-B7FA63A4565B}"
EndProject
Global
	GlobalSection(SolutionConfigurationPlatforms) = preSolution
		Debug|Any CPU = Debug|Any CPU
		Release|Any CPU = Release|Any CPU
	EndGlobalSection
	GlobalSection(ProjectConfigurationPlatforms) = postSolution
		{D9B9B8BF-68FD-4A50-97E0-82553EEED18E}.Debug|Any CPU.ActiveCfg = Debug|Any CPU
		{D9B9B8BF-68FD-4A50-97E0-82553EEED18E}.Debug|Any CPU.Build.0 = Debug|Any CPU
		{D9B9B8BF-68FD-4A50-97E0-82553EEED18E}.Release|Any CPU.ActiveCfg = Release|Any CPU
		{D9B9B8BF-68FD-4A50-97E0-82553EEED18E}.Release|Any CPU.Build.0 = Release|Any CPU
		{66340721-7D9D-46D5-A310-6403C1113348}.Debug|Any CPU.ActiveCfg = Debug|Any CPU
		{66340721-7D9D-46D5-A310-6403C1113348}.Debug|Any CPU.Build.0 = Debug|Any CPU
		{66340721-7D9D-46D5-A310-6403C1113348}.Release|Any CPU.ActiveCfg = Release|Any CPU
		{66340721-7D9D-46D5-A310-6403C1113348}.Release|Any CPU.Build.0 = Release|Any CPU
		{339201D2-5E01-44C6-92F6-7C4C45EBC7E7}.Debug|Any CPU.ActiveCfg = Debug|Any CPU
		{339201D2-5E01-44C6-92F6-7C4C45EBC7E7}.Debug|Any CPU.Build.0 = Debug|Any CPU
		{339201D2-5E01-44C6-92F6-7C4C45EBC7E7}.Release|Any CPU.ActiveCfg = Release|Any CPU
		{339201D2-5E01-44C6-92F6-7C4C45EBC7E7}.Release|Any CPU.Build.0 = Release|Any CPU
		{B28F768E-A21E-427D-9269-A5EFA0F021FA}.Debug|Any CPU.ActiveCfg = Debug|Any CPU
		{B28F768E-A21E-427D-9269-A5EFA0F021FA}.Debug|Any CPU.Build.0 = Debug|Any CPU
		{B28F768E-A21E-427D-9269-A5EFA0F021FA}.Release|Any CPU.ActiveCfg = Release|Any CPU
		{B28F768E-A21E-427D-9269-A5EFA0F021FA}.Release|Any CPU.Build.0 = Release|Any CPU
		{95758B55-3B32-4A6C-B7B7-76C2E54C3935}.Debug|Any CPU.ActiveCfg = Debug|Any CPU
		{95758B55-3B32-4A6C-B7B7-76C2E54C3935}.Debug|Any CPU.Build.0 = Debug|Any CPU
		{95758B55-3B32-4A6C-B7B7-76C2E54C3935}.Release|Any CPU.ActiveCfg = Release|Any CPU
		{95758B55-3B32-4A6C-B7B7-76C2E54C3935}.Release|Any CPU.Build.0 = Release|Any CPU
		{DE517344-F71E-4ED4-BBD4-B7FA63A4565B}.Debug|Any CPU.ActiveCfg = Debug|Any CPU
		{DE517344-F71E-4ED4-BBD4-B7FA63A4565B}.Debug|Any CPU.Build.0 = Debug|Any CPU
		{DE517344-F71E-4ED4-BBD4-B7FA63A4565B}.Release|Any CPU.ActiveCfg = Release|Any CPU
		{DE517344-F71E-4ED4-BBD4-B7FA63A4565B}.Release|Any CPU.Build.0 = Release|Any CPU
	EndGlobalSection
	GlobalSection(SolutionProperties) = preSolution
		HideSolutionNode = FALSE
	EndGlobalSection
	GlobalSection(ExtensibilityGlobals) = postSolution
		SolutionGuid = {5F91A806-5CD1-4B63-A1C5-0E4FBC45A24B}
	EndGlobalSection
EndGlobal
