
Microsoft Visual Studio Solution File, Format Version 12.00
# Visual Studio 15
VisualStudioVersion = 15.0.28307.329
MinimumVisualStudioVersion = 10.0.40219.1
Project("{FAE04EC0-301F-11D3-BF4B-00C04F79EFBC}") = "UberCalendarUI", "UberCalendarUI\UberCalendarUI.csproj", "{D9B9B8BF-68FD-4A50-97E0-82553EEED18E}"
EndProject
Global
	GlobalSection(SolutionConfigurationPlatforms) = preSolution
		Debug|Any CPU = Debug|Any CPU
		Release|Any CPU = Release|Any CPU
	EndGlobalSection
	GlobalSection(ProjectConfigurationPlatforms) = postSolution
		{D9B9B8BF-68FD-4A50-97E0-82553EEED18E}.Debug|Any CPU.ActiveCfg = Debug|Any CPU
		{D9B9B8BF-68FD-4A50-97E0-82553EEED18E}.Debug|Any CPU.Build.0 = Debug|Any CPU
		{D9B9B8BF-68FD-4A50-97E0-82553EEED18E}.Release|Any CPU.ActiveCfg = Release|Any CPU
		{D9B9B8BF-68FD-4A50-97E0-82553EEED18E}.Release|Any CPU.Build.0 = Release|Any CPU
	EndGlobalSection
	GlobalSection(SolutionProperties) = preSolution
		HideSolutionNode = FALSE
	EndGlobalSection
	GlobalSection(ExtensibilityGlobals) = postSolution
		SolutionGuid = {5F91A806-5CD1-4B63-A1C5-0E4FBC45A24B}
	EndGlobalSection
EndGlobal
